lockfileVersion: 5.4

specifiers:
  '@tanstack/react-query': ^4.29.3
  '@tanstack/react-query-devtools': ^4.29.3

dependencies:
  '@tanstack/react-query': 4.29.3
  '@tanstack/react-query-devtools': 4.29.3_ynyb2x25hmlx2nobfhoytsogvy

packages:

  /@tanstack/match-sorter-utils/8.8.4:
    resolution: {integrity: sha512-rKH8LjZiszWEvmi01NR72QWZ8m4xmXre0OOwlRGnjU01Eqz/QnN+cqpty2PJ0efHblq09+KilvyR7lsbzmXVEw==}
    engines: {node: '>=12'}
    dependencies:
      remove-accents: 0.4.2
    dev: false

  /@tanstack/query-core/4.29.1:
    resolution: {integrity: sha512-vkPewLEG8ua0efo3SsVT0BcBtkq5RZX8oPhDAyKL+k/rdOYSQTEocfGEXSaBwIwsXeOGBUpfKqI+UmHvNqdWXg==}
    dev: false

  /@tanstack/react-query-devtools/4.29.3_ynyb2x25hmlx2nobfhoytsogvy:
    resolution: {integrity: sha512-Ne/K9+gskn8zM4sbLWl4mq5x0ha0JIg7I078K+t6seorL6oq9Y9E30wlP4y/IVa9hgn8DHB1Q6GoPtA2iu6p2g==}
    peerDependencies:
      '@tanstack/react-query': 4.29.3
      react: ^16.8.0 || ^17.0.0 || ^18.0.0
      react-dom: ^16.8.0 || ^17.0.0 || ^18.0.0
    dependencies:
      '@tanstack/match-sorter-utils': 8.8.4
      '@tanstack/react-query': 4.29.3
      superjson: 1.12.3
      use-sync-external-store: 1.2.0
    dev: false

  /@tanstack/react-query/4.29.3:
    resolution: {integrity: sha512-FPQrMu7PbCgBcVzoRJm7WmQnAFv+LUgZM9KBZ7Vk/+yERH2BDLvQRuAgczQd5Tb1s3HbOktECRDaOkUxdyBAjw==}
    peerDependencies:
      react: ^16.8.0 || ^17.0.0 || ^18.0.0
      react-dom: ^16.8.0 || ^17.0.0 || ^18.0.0
      react-native: '*'
    peerDependenciesMeta:
      react-dom:
        optional: true
      react-native:
        optional: true
    dependencies:
      '@tanstack/query-core': 4.29.1
      use-sync-external-store: 1.2.0
    dev: false

  /copy-anything/3.0.3:
    resolution: {integrity: sha512-fpW2W/BqEzqPp29QS+MwwfisHCQZtiduTe/m8idFo0xbti9fIZ2WVhAsCv4ggFVH3AgCkVdpoOCtQC6gBrdhjw==}
    engines: {node: '>=12.13'}
    dependencies:
      is-what: 4.1.8
    dev: false

  /is-what/4.1.8:
    resolution: {integrity: sha512-yq8gMao5upkPoGEU9LsB2P+K3Kt8Q3fQFCGyNCWOAnJAMzEXVV9drYb0TXr42TTliLLhKIBvulgAXgtLLnwzGA==}
    engines: {node: '>=12.13'}
    dev: false

  /remove-accents/0.4.2:
    resolution: {integrity: sha512-7pXIJqJOq5tFgG1A2Zxti3Ht8jJF337m4sowbuHsW30ZnkQFnDzy9qBNhgzX8ZLW4+UBcXiiR7SwR6pokHsxiA==}
    dev: false

  /superjson/1.12.3:
    resolution: {integrity: sha512-0j+U70KUtP8+roVPbwfqkyQI7lBt7ETnuA7KXbTDX3mCKiD/4fXs2ldKSMdt0MCfpTwiMxo20yFU3vu6ewETpQ==}
    engines: {node: '>=10'}
    dependencies:
      copy-anything: 3.0.3
    dev: false

  /use-sync-external-store/1.2.0:
    resolution: {integrity: sha512-eEgnFxGQ1Ife9bzYs6VLi8/4X6CObHMw9Qr9tPY43iKwsPw8xE8+EFsf/2cFZ5S3esXgpWgtSCtLNS41F+sKPA==}
    peerDependencies:
      react: ^16.8.0 || ^17.0.0 || ^18.0.0
    dev: false
